# This file was autogenerated by Stack.
# You should not edit this file by hand.
# For more information, please see the documentation at:
#   https://docs.haskellstack.org/en/stable/lock_files

packages:
- completed:
    subdir: yaks/easytest
    cabal-file:
      size: 1797
      sha256: 84ff3f67733554cb21924f13e521b65bb12c75dc8332da2e18d58ddf71bbc929
    name: easytest
    version: '0.1'
    git: git@github.com:unisonweb/unison.git
    pantry-tree:
      size: 274
      sha256: e4710d8a58911703da6aae5e3215a8e9eb9fbcb88c15dedde91660392890f19b
    commit: 589d112a57d3837dd8b70d5296aed7363bf52cf0
  original:
    subdir: yaks/easytest
    git: git@github.com:unisonweb/unison.git
    commit: 589d112a57d3837dd8b70d5296aed7363bf52cf0
- completed:
    subdir: parser-typechecker
    cabal-file:
      size: 7461
      sha256: 4ef5e8e164c715a0c67d5b062cd73ee7743f493e293ee620497bac52f7e9a447
    name: unison-parser-typechecker
    version: '0.1'
    git: git@github.com:unisonweb/unison.git
    pantry-tree:
      size: 9545
      sha256: 0c08642620a412f9cf6aa249d7cb0eae6a98e94930f532eefed65fd3a0775cee
    commit: 589d112a57d3837dd8b70d5296aed7363bf52cf0
  original:
    subdir: parser-typechecker
    git: git@github.com:unisonweb/unison.git
    commit: 589d112a57d3837dd8b70d5296aed7363bf52cf0
- completed:
    subdir: yaks/haskeline
    cabal-file:
      size: 4814
      sha256: d081aa7d1751a13f3527a35d5250022ed6900f66556422db13266da96c9fdafd
    name: haskeline
    version: 0.7.5.0
    git: git@github.com:unisonweb/unison.git
    pantry-tree:
      size: 3717
      sha256: 6d3e0222c9ccc276aa8899c3a81c52dfadd7234ee6c9a64d8f2d2441d19522a0
    commit: 589d112a57d3837dd8b70d5296aed7363bf52cf0
  original:
    subdir: yaks/haskeline
    git: git@github.com:unisonweb/unison.git
    commit: 589d112a57d3837dd8b70d5296aed7363bf52cf0
- completed:
    subdir: unison-core
    cabal-file:
      size: 2241
      sha256: adcac20c6e00157d783477963bdf18bd1b48fabb583020d3ed207910546b9038
    name: unison-core
    version: '0.1'
    git: git@github.com:unisonweb/unison.git
    pantry-tree:
      size: 2288
      sha256: 3fe5e2c5bce51878dd5e92317b791669fb6c021975b6c3eb3896adcff915ba95
    commit: 589d112a57d3837dd8b70d5296aed7363bf52cf0
  original:
    subdir: unison-core
    git: git@github.com:unisonweb/unison.git
    commit: 589d112a57d3837dd8b70d5296aed7363bf52cf0
- completed:
    hackage: base58-bytestring-0.1.0@sha256:a1da72ee89d5450bac1c792d9fcbe95ed7154ab7246f2172b57bd4fd9b5eab79,1913
    pantry-tree:
      size: 419
      sha256: 053784f8edef6433518c873a7c502dc75348f812e2384e1306f90467ea54f40b
  original:
    hackage: base58-bytestring-0.1.0
- completed:
    hackage: relation-0.2.1@sha256:74eac96dfefd6600f0185b4aac0fbeaab522f672a6fb342e160115d40d97e596,3032
    pantry-tree:
      size: 449
      sha256: f37c667d9b0427a3280c2e2c531f86016455b24f919341e200d9648464f22188
  original:
    hackage: relation-0.2.1
- completed:
    hackage: shellmet-0.0.1@sha256:4535d5cd7b92becb3676becaf98f432bac20e3b44d01803afe11af559f2bd26c,3500
    pantry-tree:
      size: 367
      sha256: 45de1727f0f152486fac116a02e90031262cb4ee757be61403a5df9d8a1a8d2b
  original:
    hackage: shellmet-0.0.1
- completed:
    hackage: filepattern-0.1.1@sha256:984f43798572e325e9509b3b59fd4ccc2b0f94b8b065585e0505570c98aa1016,2480
    pantry-tree:
      size: 998
      sha256: 9b2829a8c9b47bb5dcee3c6547fcd3867354ed2b0094271e01fb2df89a3fc6fd
  original:
    hackage: filepattern-0.1.1
- completed:
    hackage: strings-1.1@sha256:0285dec4c8ab262359342b3e5ef1eb567074669461b9b38404f1cb870c881c5c,1617
    pantry-tree:
      size: 212
      sha256: 876e5a679244143e2a7e74357427c7522a8d61f68a4cc3ae265fe4960b75a2e2
  original:
    hackage: strings-1.1@sha256:0285dec4c8ab262359342b3e5ef1eb567074669461b9b38404f1cb870c881c5c
- completed:
    hackage: guid-0.1.0@sha256:a7c975be473f6f142d5cc1b39bc807a99043d20b1bb0873fdfe7a3ce84d2faf1,1078
    pantry-tree:
      size: 364
      sha256: a33838b7b1c54f6ac3e1b436b25674948713a4189658e4d82e639b9a689bc90d
  original:
    hackage: guid-0.1.0@sha256:a7c975be473f6f142d5cc1b39bc807a99043d20b1bb0873fdfe7a3ce84d2faf1
- completed:
    hackage: fsutils-0.1.2@sha256:fb3eb68e03e4317352032642d3ed18c796c30f5a3bec40caef69cee0b859df5e,1028
    pantry-tree:
      size: 210
      sha256: f92ef28c1edc20a1653f074bc85e7862c81ff850893b4417b64a8582ce62b531
  original:
    hackage: fsutils-0.1.2@sha256:fb3eb68e03e4317352032642d3ed18c796c30f5a3bec40caef69cee0b859df5e
- completed:
    hackage: prelude-extras-0.4.0.3@sha256:1c10b0123ea13a6423d74a8fcbaeb2d5249b472588abde418a36b47b7c4f48c8,1163
    pantry-tree:
      size: 476
      sha256: a03f60a1250c9d0daaf208ba58ccf24e05e0807f2e3dc7892fad3f2f3a196f7f
  original:
    hackage: prelude-extras-0.4.0.3@sha256:1c10b0123ea13a6423d74a8fcbaeb2d5249b472588abde418a36b47b7c4f48c8
- completed:
    hackage: sandi-0.5@sha256:b278d072ca717706ea38f9bd646e023f7f2576a778fb43565b434f93638849aa,3010
    pantry-tree:
      size: 3455
      sha256: 5ca7ce4bc22ab9d4427bb149b5e283ab9db43375df14f7131fdfd48775f36350
  original:
    hackage: sandi-0.5@sha256:b278d072ca717706ea38f9bd646e023f7f2576a778fb43565b434f93638849aa
- completed:
    hackage: megaparsec-6.5.0@sha256:510b5471f31e965a06f91d110456f24ad7e191e0778f4fc8ec053dcb182abcbf,6125
    pantry-tree:
      size: 2533
      sha256: f6a429fc9c666b82eba5b2e60b5d7d35ea44a5116705c239fb79956339f3c150
  original:
    hackage: megaparsec-6.5.0
- completed:
    cabal-file:
      size: 4179
      sha256: 0316035528ac8bcbe4f221d1a00bf0ddc18854d7f83cc05f2c37af6d3960e94e
    name: concur-replica
    version: 0.1.0.0
    git: git@github.com:pkamenarsky/concur-replica
    pantry-tree:
      size: 1084
      sha256: b7bee54422624c88bef5cc574fa86b5ce7cf51ec83b971131daea734d2b341da
    commit: fc85458d7ed74c8ee1dc7944875c8355fb745ab6
  original:
    git: git@github.com:pkamenarsky/concur-replica
    commit: fc85458d7ed74c8ee1dc7944875c8355fb745ab6
- completed:
    cabal-file:
      size: 2016
      sha256: 37fbd822c4b163189e676bd7d7dfcbef24ea3dfc989a66a20352283f4b02b46d
    name: replica
    version: 0.1.0.0
    git: git@github.com:pkamenarsky/replica
    pantry-tree:
      size: 1319
      sha256: 9f900614c6f5932ec647c838e65bb65fd335fde5200efb98cb87913309022986
    commit: a46c17f6326eb154b2d76e31a1d62ed4b02a4a3c
  original:
    git: git@github.com:pkamenarsky/replica
    commit: a46c17f6326eb154b2d76e31a1d62ed4b02a4a3c
- completed:
    subdir: concur-core
    cabal-file:
      size: 1239
      sha256: 6faa067cee99685b9121f3bf790775af40950d0612cca24a409764fcaec984c0
    name: concur-core
    version: 0.1.0.0
    git: git@github.com:ajnsit/concur
    pantry-tree:
      size: 728
      sha256: e9659992361f602b836c6a72f5d62baf41755c264f1e419cbfcb1a5511dcb3df
    commit: 6c6bcc07b2688182945b28f154a013eee3f624c5
  original:
    subdir: concur-core
    git: git@github.com:ajnsit/concur
    commit: 6c6bcc07b2688182945b28f154a013eee3f624c5
snapshots:
- completed:
    size: 523700
    url: https://raw.githubusercontent.com/commercialhaskell/stackage-snapshots/master/lts/14/7.yaml
    sha256: 8e3f3c894be74d71fa4bf085e0a8baae7e4d7622d07ea31a52736b80f8b9bb1a
  original: lts-14.7
