# This file was autogenerated by Stack.
# You should not edit this file by hand.
# For more information, please see the documentation at:
#   https://docs.haskellstack.org/en/stable/lock_files

packages:
- completed:
    size: 15989
    url: https://github.com/unisonweb/configurator/archive/e47e9e9fe1f576f8c835183b9def52d73c01327a.tar.gz
    name: configurator
    version: 0.3.0.0
    sha256: d4fd87fb7bfc5d8e9fbc3e4ee7302c6b1500cdc00fdb9b659d0f4849b6ebe2d5
    pantry-tree:
      size: 955
      sha256: 90547cd983fd15ebdc803e057d3ef8735fe93a75e29a00f8a74eadc13ee0f6e9
  original:
    url: https://github.com/unisonweb/configurator/archive/e47e9e9fe1f576f8c835183b9def52d73c01327a.tar.gz
- completed:
    size: 75098
    url: https://github.com/unisonweb/haskeline/archive/2944b11d19ee034c48276edc991736105c9d6143.tar.gz
    name: haskeline
    version: 0.7.5.0
    sha256: 6d44207a4e94a16bc99d13dccbbb79bf676190c0476436b03235eeeaf6c72f9d
    pantry-tree:
      size: 3717
      sha256: 878c7fb5801ec7418761a49b529ca3fdab274f22707c7d2759f2b3a2df06c3ea
  original:
    url: https://github.com/unisonweb/haskeline/archive/2944b11d19ee034c48276edc991736105c9d6143.tar.gz
- completed:
    size: 92490
    url: https://github.com/unisonweb/megaparsec/archive/c4463124c578e8d1074c04518779b5ce5957af6b.tar.gz
    name: megaparsec
    version: 6.5.0
    sha256: 94f9573735fefda868371ff735a6b1f52bea22b9e52289abeb8114c99bbf8832
    pantry-tree:
      size: 2635
      sha256: 7d3f8b23c862d878b4adce628caaf7bc337f0ac10b2556e1cdf0913c28a45929
  original:
    url: https://github.com/unisonweb/megaparsec/archive/c4463124c578e8d1074c04518779b5ce5957af6b.tar.gz
- completed:
    hackage: base16-0.2.1.0@sha256:62e9abde29287913a775ec658b62ecba20270b9e1ac0a008e6acb4616b79a22d,2183
    pantry-tree:
      size: 1161
      sha256: 434826aa90b65b25b80f767eeffb2fa7d49f93a8c0f7998988ab09dbfd1dfbdb
  original:
    hackage: base16-0.2.1.0@sha256:62e9abde29287913a775ec658b62ecba20270b9e1ac0a008e6acb4616b79a22d,2183
- completed:
    hackage: concurrent-supply-0.1.8@sha256:9373f4868ad28936a7b93781b214ef4afdeacf377ef4ac729583073491c9f9fb,1627
    pantry-tree:
      size: 400
      sha256: bdfaa167ae3249f858ba248aea2e9b97ab9b13af6e68c73b7c3192e717e11b83
  original:
    hackage: concurrent-supply-0.1.8@sha256:9373f4868ad28936a7b93781b214ef4afdeacf377ef4ac729583073491c9f9fb,1627
- completed:
    hackage: guid-0.1.0@sha256:a7c975be473f6f142d5cc1b39bc807a99043d20b1bb0873fdfe7a3ce84d2faf1,1078
    pantry-tree:
      size: 364
      sha256: a33838b7b1c54f6ac3e1b436b25674948713a4189658e4d82e639b9a689bc90d
  original:
    hackage: guid-0.1.0@sha256:a7c975be473f6f142d5cc1b39bc807a99043d20b1bb0873fdfe7a3ce84d2faf1,1078
- completed:
    hackage: prelude-extras-0.4.0.3@sha256:1c10b0123ea13a6423d74a8fcbaeb2d5249b472588abde418a36b47b7c4f48c8,1163
    pantry-tree:
      size: 476
      sha256: a03f60a1250c9d0daaf208ba58ccf24e05e0807f2e3dc7892fad3f2f3a196f7f
  original:
    hackage: prelude-extras-0.4.0.3@sha256:1c10b0123ea13a6423d74a8fcbaeb2d5249b472588abde418a36b47b7c4f48c8,1163
- completed:
    hackage: sandi-0.5@sha256:b278d072ca717706ea38f9bd646e023f7f2576a778fb43565b434f93638849aa,3010
    pantry-tree:
      size: 3455
      sha256: 5ca7ce4bc22ab9d4427bb149b5e283ab9db43375df14f7131fdfd48775f36350
  original:
    hackage: sandi-0.5@sha256:b278d072ca717706ea38f9bd646e023f7f2576a778fb43565b434f93638849aa,3010
- completed:
    hackage: strings-1.1@sha256:0285dec4c8ab262359342b3e5ef1eb567074669461b9b38404f1cb870c881c5c,1617
    pantry-tree:
      size: 212
      sha256: 876e5a679244143e2a7e74357427c7522a8d61f68a4cc3ae265fe4960b75a2e2
  original:
    hackage: strings-1.1@sha256:0285dec4c8ab262359342b3e5ef1eb567074669461b9b38404f1cb870c881c5c,1617
- completed:
    subdir: yaks/easytest
    name: easytest
    version: '0.1'
    git: git@github.com:unisonweb/unison.git
    pantry-tree:
      size: 274
      sha256: bde15d894ab2444006f281a28094a4019f82c6c5130b615a801b2c9fac738993
    commit: 04eb051a8fb53010f618a7c57949753e1e87fed1
  original:
    subdir: yaks/easytest
    git: git@github.com:unisonweb/unison.git
    commit: 04eb051a8fb53010f618a7c57949753e1e87fed1
- completed:
    subdir: parser-typechecker
    name: unison-parser-typechecker
    version: '0.1'
    git: git@github.com:unisonweb/unison.git
    pantry-tree:
      size: 10722
      sha256: af36c9048c569427af0551e20964e2ee2782efde69c8bb45b64603ae8e033110
    commit: 04eb051a8fb53010f618a7c57949753e1e87fed1
  original:
    subdir: parser-typechecker
    git: git@github.com:unisonweb/unison.git
    commit: 04eb051a8fb53010f618a7c57949753e1e87fed1
- completed:
    subdir: unison-core
    name: unison-core
    version: '0.1'
    git: git@github.com:unisonweb/unison.git
    pantry-tree:
      size: 2283
      sha256: c164804d85a4cbbc0faabb5b6f5bab0f183dab043a2e3f143558dde229ed8167
    commit: 04eb051a8fb53010f618a7c57949753e1e87fed1
  original:
    subdir: unison-core
    git: git@github.com:unisonweb/unison.git
    commit: 04eb051a8fb53010f618a7c57949753e1e87fed1
- completed:
    name: concur-replica
    version: 0.1.0.0
    git: git@github.com:pkamenarsky/concur-replica
    pantry-tree:
      size: 1420
      sha256: 282d4e8a3caa4938748f6aea7dc07503595102b317ed730b9374bd252678226d
    commit: 0bcf622fce055be4cdc3793ef73a16e227384817
  original:
    git: git@github.com:pkamenarsky/concur-replica
    commit: 0bcf622fce055be4cdc3793ef73a16e227384817
- completed:
    name: replica
    version: 0.1.0.0
    git: git@github.com:pkamenarsky/replica
    pantry-tree:
      size: 1319
      sha256: 1b98fd6a367cd66308ce2ebaa2ef0d081f9f2f6f6fdcfb5a0e492a85c8d964a2
    commit: db4af3572705bb20222fff1203a1eea3ca5cd542
  original:
    git: git@github.com:pkamenarsky/replica
    commit: db4af3572705bb20222fff1203a1eea3ca5cd542
- completed:
    subdir: concur-core
    name: concur-core
    version: 0.1.0.0
    git: git@github.com:ajnsit/concur
    pantry-tree:
      size: 728
      sha256: e9659992361f602b836c6a72f5d62baf41755c264f1e419cbfcb1a5511dcb3df
    commit: 6c6bcc07b2688182945b28f154a013eee3f624c5
  original:
    subdir: concur-core
    git: git@github.com:ajnsit/concur
    commit: 6c6bcc07b2688182945b28f154a013eee3f624c5
- completed:
    hackage: relude-0.7.0.0@sha256:09b7eead4ee71a3a411cef392f9b84afbd0fdc100a3efb54a5e854649417e48d,10948
    pantry-tree:
      size: 4249
      sha256: 22eae9cd3bdea7f1844cfdfc9366fb92570263dff1fb514ff4e4c1903d9b9ed5
  original:
    hackage: relude-0.7.0.0
- completed:
    hackage: json-0.10@sha256:d9fc6b07ce92b8894825a17d2cf14799856767eb30c8bf55962baa579207d799,3210
    pantry-tree:
      size: 3190
      sha256: 5654f66b7cd8bf087ac040a9b0a83eb064219eab32230f61a3adeddfdbb4d4cd
  original:
    hackage: json-0.10@sha256:d9fc6b07ce92b8894825a17d2cf14799856767eb30c8bf55962baa579207d799,3210
snapshots:
- completed:
    size: 496112
    url: https://raw.githubusercontent.com/commercialhaskell/stackage-snapshots/master/lts/15/15.yaml
    sha256: 86169722ad0056ffc9eacc157ef80ee21d7024f92c0d2961c89ccf432db230a3
  original: lts-15.15
